
Microsoft Visual Studio Solution File, Format Version 12.00
# Visual Studio 14
VisualStudioVersion = 14.0.25420.1
MinimumVisualStudioVersion = 10.0.40219.1
Project("{FAE04EC0-301F-11D3-BF4B-00C04F79EFBC}") = "BulletCircusDemo.Windows", "BulletCircusDemo.Windows.csproj", "{1822D385-FABA-4EAB-8208-72CE64A45B35}"
EndProject
Project("{D954291E-2A0B-460D-934E-DC6B0785DB48}") = "BulletCircus.SharedProject", "..\..\BulletCircus\BulletCircus.SharedProject\BulletCircus.SharedProject.shproj", "{5B33FAC8-0225-4C94-A3C3-AA20D02BF4B5}"
EndProject
Global
	GlobalSection(SharedMSBuildProjectFiles) = preSolution
		..\..\BulletCircus\BulletCircus.SharedProject\BulletCircus.SharedProject.projitems*{1822d385-faba-4eab-8208-72ce64a45b35}*SharedItemsImports = 4
		..\..\BulletCircus\BulletCircus.SharedProject\BulletCircus.SharedProject.projitems*{5b33fac8-0225-4c94-a3c3-aa20d02bf4b5}*SharedItemsImports = 13
	EndGlobalSection
	GlobalSection(SolutionConfigurationPlatforms) = preSolution
		Debug|Any CPU = Debug|Any CPU
		Debug|Mixed Platforms = Debug|Mixed Platforms
		Debug|x86 = Debug|x86
		Release|Any CPU = Release|Any CPU
		Release|Mixed Platforms = Release|Mixed Platforms
		Release|x86 = Release|x86
	EndGlobalSection
	GlobalSection(ProjectConfigurationPlatforms) = postSolution
		{1822D385-FABA-4EAB-8208-72CE64A45B35}.Debug|Any CPU.ActiveCfg = Debug|Any CPU
		{1822D385-FABA-4EAB-8208-72CE64A45B35}.Debug|Any CPU.Build.0 = Debug|Any CPU
		{1822D385-FABA-4EAB-8208-72CE64A45B35}.Debug|Mixed Platforms.ActiveCfg = Debug|Any CPU
		{1822D385-FABA-4EAB-8208-72CE64A45B35}.Debug|Mixed Platforms.Build.0 = Debug|Any CPU
		{1822D385-FABA-4EAB-8208-72CE64A45B35}.Debug|x86.ActiveCfg = Debug|x86
		{1822D385-FABA-4EAB-8208-72CE64A45B35}.Debug|x86.Build.0 = Debug|x86
		{1822D385-FABA-4EAB-8208-72CE64A45B35}.Release|Any CPU.ActiveCfg = Release|Any CPU
		{1822D385-FABA-4EAB-8208-72CE64A45B35}.Release|Any CPU.Build.0 = Release|Any CPU
		{1822D385-FABA-4EAB-8208-72CE64A45B35}.Release|Mixed Platforms.ActiveCfg = Release|Any CPU
		{1822D385-FABA-4EAB-8208-72CE64A45B35}.Release|Mixed Platforms.Build.0 = Release|Any CPU
		{1822D385-FABA-4EAB-8208-72CE64A45B35}.Release|x86.ActiveCfg = Release|Any CPU
	EndGlobalSection
	GlobalSection(SolutionProperties) = preSolution
		HideSolutionNode = FALSE
	EndGlobalSection
EndGlobal
